
Microsoft Visual Studio Solution File, Format Version 12.00
# Visual Studio Version 16
VisualStudioVersion = 16.0.29020.237
MinimumVisualStudioVersion = 10.0.40219.1
Project("{FAE04EC0-301F-11D3-BF4B-00C04F79EFBC}") = "WebApplication1", "WebApplication1\WebApplication1.csproj", "{17D33BB2-516B-4BFB-AAD6-0DEE0DE437F4}"
EndProject
Global
	GlobalSection(SolutionConfigurationPlatforms) = preSolution
		Debug|Any CPU = Debug|Any CPU
		Release|Any CPU = Release|Any CPU
	EndGlobalSection
	GlobalSection(ProjectConfigurationPlatforms) = postSolution
		{17D33BB2-516B-4BFB-AAD6-0DEE0DE437F4}.Debug|Any CPU.ActiveCfg = Debug|Any CPU
		{17D33BB2-516B-4BFB-AAD6-0DEE0DE437F4}.Debug|Any CPU.Build.0 = Debug|Any CPU
		{17D33BB2-516B-4BFB-AAD6-0DEE0DE437F4}.Release|Any CPU.ActiveCfg = Release|Any CPU
		{17D33BB2-516B-4BFB-AAD6-0DEE0DE437F4}.Release|Any CPU.Build.0 = Release|Any CPU
	EndGlobalSection
	GlobalSection(SolutionProperties) = preSolution
		HideSolutionNode = FALSE
	EndGlobalSection
	GlobalSection(ExtensibilityGlobals) = postSolution
		SolutionGuid = {A2E16987-8EB5-4662-97A5-62A351EA9114}
	EndGlobalSection
EndGlobal
